
Microsoft Visual Studio Solution File, Format Version 12.00
# Visual Studio 2012
Project("{8BC9CEB8-8B4A-11D0-8D11-00A0C91BC942}") = "quake", "quake.vcxproj", "{FBAFD8F5-7397-4032-8C90-28DCBD2065BC}"
EndProject
Project("{8BC9CEB8-8B4A-11D0-8D11-00A0C91BC942}") = "qds", "qds.vcxproj", "{EF8F56B1-212C-421B-9995-C42211A5C19C}"
EndProject
Global
	GlobalSection(SolutionConfigurationPlatforms) = preSolution
		Debug|Win32 = Debug|Win32
		GLDebug|Win32 = GLDebug|Win32
		GLRelease|Win32 = GLRelease|Win32
		Release|Win32 = Release|Win32
		Template|Win32 = Template|Win32
	EndGlobalSection
	GlobalSection(ProjectConfigurationPlatforms) = postSolution
		{FBAFD8F5-7397-4032-8C90-28DCBD2065BC}.Debug|Win32.ActiveCfg = Debug|Win32
		{FBAFD8F5-7397-4032-8C90-28DCBD2065BC}.Debug|Win32.Build.0 = Debug|Win32
		{FBAFD8F5-7397-4032-8C90-28DCBD2065BC}.GLDebug|Win32.ActiveCfg = GLDebug|Win32
		{FBAFD8F5-7397-4032-8C90-28DCBD2065BC}.GLDebug|Win32.Build.0 = GLDebug|Win32
		{FBAFD8F5-7397-4032-8C90-28DCBD2065BC}.GLRelease|Win32.ActiveCfg = GLRelease|Win32
		{FBAFD8F5-7397-4032-8C90-28DCBD2065BC}.GLRelease|Win32.Build.0 = GLRelease|Win32
		{FBAFD8F5-7397-4032-8C90-28DCBD2065BC}.Release|Win32.ActiveCfg = Release|Win32
		{FBAFD8F5-7397-4032-8C90-28DCBD2065BC}.Release|Win32.Build.0 = Release|Win32
		{FBAFD8F5-7397-4032-8C90-28DCBD2065BC}.Template|Win32.ActiveCfg = GLDebug|Win32
		{FBAFD8F5-7397-4032-8C90-28DCBD2065BC}.Template|Win32.Build.0 = GLDebug|Win32
		{EF8F56B1-212C-421B-9995-C42211A5C19C}.Debug|Win32.ActiveCfg = Debug|Win32
		{EF8F56B1-212C-421B-9995-C42211A5C19C}.Debug|Win32.Build.0 = Debug|Win32
		{EF8F56B1-212C-421B-9995-C42211A5C19C}.GLDebug|Win32.ActiveCfg = Debug|Win32
		{EF8F56B1-212C-421B-9995-C42211A5C19C}.GLDebug|Win32.Build.0 = Debug|Win32
		{EF8F56B1-212C-421B-9995-C42211A5C19C}.GLRelease|Win32.ActiveCfg = Release|Win32
		{EF8F56B1-212C-421B-9995-C42211A5C19C}.GLRelease|Win32.Build.0 = Release|Win32
		{EF8F56B1-212C-421B-9995-C42211A5C19C}.Release|Win32.ActiveCfg = Release|Win32
		{EF8F56B1-212C-421B-9995-C42211A5C19C}.Release|Win32.Build.0 = Release|Win32
		{EF8F56B1-212C-421B-9995-C42211A5C19C}.Template|Win32.ActiveCfg = Template|Win32
		{EF8F56B1-212C-421B-9995-C42211A5C19C}.Template|Win32.Build.0 = Template|Win32
	EndGlobalSection
	GlobalSection(SolutionProperties) = preSolution
		HideSolutionNode = FALSE
	EndGlobalSection
EndGlobal
